
Microsoft Visual Studio Solution File, Format Version 12.00
# Visual Studio Version 18
VisualStudioVersion = 18.5.11723.231
MinimumVisualStudioVersion = 10.0.40219.1
Project("{FAE04EC0-301F-11D3-BF4B-00C04F79EFBC}") = "SyncMed", "SyncMed.csproj", "{5E57BCF7-9EFF-5C1A-D46A-BAFC49074C78}"
EndProject
Project("{FAE04EC0-301F-11D3-BF4B-00C04F79EFBC}") = "SyncMed.Tests", "..\SyncMed.Tests\SyncMed.Tests.csproj", "{AD4156B4-12E2-4D6D-A4AC-3A4032C26B24}"
EndProject
Global
	GlobalSection(SolutionConfigurationPlatforms) = preSolution
		Debug|Any CPU = Debug|Any CPU
		Release|Any CPU = Release|Any CPU
	EndGlobalSection
	GlobalSection(ProjectConfigurationPlatforms) = postSolution
		{5E57BCF7-9EFF-5C1A-D46A-BAFC49074C78}.Debug|Any CPU.ActiveCfg = Debug|Any CPU
		{5E57BCF7-9EFF-5C1A-D46A-BAFC49074C78}.Debug|Any CPU.Build.0 = Debug|Any CPU
		{5E57BCF7-9EFF-5C1A-D46A-BAFC49074C78}.Release|Any CPU.ActiveCfg = Release|Any CPU
		{5E57BCF7-9EFF-5C1A-D46A-BAFC49074C78}.Release|Any CPU.Build.0 = Release|Any CPU
		{AD4156B4-12E2-4D6D-A4AC-3A4032C26B24}.Debug|Any CPU.ActiveCfg = Debug|Any CPU
		{AD4156B4-12E2-4D6D-A4AC-3A4032C26B24}.Debug|Any CPU.Build.0 = Debug|Any CPU
		{AD4156B4-12E2-4D6D-A4AC-3A4032C26B24}.Release|Any CPU.ActiveCfg = Release|Any CPU
		{AD4156B4-12E2-4D6D-A4AC-3A4032C26B24}.Release|Any CPU.Build.0 = Release|Any CPU
	EndGlobalSection
	GlobalSection(SolutionProperties) = preSolution
		HideSolutionNode = FALSE
	EndGlobalSection
	GlobalSection(ExtensibilityGlobals) = postSolution
		SolutionGuid = {EB56480E-127F-410A-8D7B-D227D41DD47E}
	EndGlobalSection
EndGlobal
